// !$*UTF8*$!
{
	archiveVersion = 1;
	classes = {
	};
	objectVersion = 48;
	objects = {

/* Begin PBXBuildFile section */
		D947B3D21FCB4341007E8116 /* EasyImageCapture.h in Headers */ = {isa = PBXBuildFile; fileRef = D947B3D01FCB4341007E8116 /* EasyImageCapture.h */; settings = {ATTRIBUTES = (Public, ); }; };
		D947B3DF1FCB4446007E8116 /* AppDelegate.swift in Sources */ = {isa = PBXBuildFile; fileRef = D947B3DE1FCB4446007E8116 /* AppDelegate.swift */; };
		D947B3E11FCB4446007E8116 /* ViewController.swift in Sources */ = {isa = PBXBuildFile; fileRef = D947B3E01FCB4446007E8116 /* ViewController.swift */; };
		D947B3E41FCB4446007E8116 /* Main.storyboard in Resources */ = {isa = PBXBuildFile; fileRef = D947B3E21FCB4446007E8116 /* Main.storyboard */; };
		D947B3E61FCB4446007E8116 /* Assets.xcassets in Resources */ = {isa = PBXBuildFile; fileRef = D947B3E51FCB4446007E8116 /* Assets.xcassets */; };
		D947B3E91FCB4446007E8116 /* LaunchScreen.storyboard in Resources */ = {isa = PBXBuildFile; fileRef = D947B3E71FCB4446007E8116 /* LaunchScreen.storyboard */; };
		D947B3F21FCB49DA007E8116 /* EasyImageCapture.swift in Sources */ = {isa = PBXBuildFile; fileRef = D947B3EF1FCB47C9007E8116 /* EasyImageCapture.swift */; };
		D947B3F31FCB4AD6007E8116 /* EasyImageCapture.swift in Sources */ = {isa = PBXBuildFile; fileRef = D947B3EF1FCB47C9007E8116 /* EasyImageCapture.swift */; };
		D947B3F51FCB4BFE007E8116 /* EasyImageCaptureDelegate.swift in Sources */ = {isa = PBXBuildFile; fileRef = D947B3F41FCB4BFE007E8116 /* EasyImageCaptureDelegate.swift */; };
		D947B3F71FCB4D96007E8116 /* Errors.swift in Sources */ = {isa = PBXBuildFile; fileRef = D947B3F61FCB4D96007E8116 /* Errors.swift */; };
		D947B3F81FCB4FD9007E8116 /* EasyImageCaptureDelegate.swift in Sources */ = {isa = PBXBuildFile; fileRef = D947B3F41FCB4BFE007E8116 /* EasyImageCaptureDelegate.swift */; };
		D947B3F91FCB4FDC007E8116 /* Errors.swift in Sources */ = {isa = PBXBuildFile; fileRef = D947B3F61FCB4D96007E8116 /* Errors.swift */; };
/* End PBXBuildFile section */

/* Begin PBXFileReference section */
		D947B3CD1FCB4341007E8116 /* EasyImageCapture.framework */ = {isa = PBXFileReference; explicitFileType = wrapper.framework; includeInIndex = 0; path = EasyImageCapture.framework; sourceTree = BUILT_PRODUCTS_DIR; };
		D947B3D01FCB4341007E8116 /* EasyImageCapture.h */ = {isa = PBXFileReference; lastKnownFileType = sourcecode.c.h; path = EasyImageCapture.h; sourceTree = "<group>"; };
		D947B3D11FCB4341007E8116 /* Info.plist */ = {isa = PBXFileReference; lastKnownFileType = text.plist.xml; path = Info.plist; sourceTree = "<group>"; };
		D947B3DC1FCB4446007E8116 /* EasyImageCaptureExample.app */ = {isa = PBXFileReference; explicitFileType = wrapper.application; includeInIndex = 0; path = EasyImageCaptureExample.app; sourceTree = BUILT_PRODUCTS_DIR; };
		D947B3DE1FCB4446007E8116 /* AppDelegate.swift */ = {isa = PBXFileReference; lastKnownFileType = sourcecode.swift; path = AppDelegate.swift; sourceTree = "<group>"; };
		D947B3E01FCB4446007E8116 /* ViewController.swift */ = {isa = PBXFileReference; lastKnownFileType = sourcecode.swift; path = ViewController.swift; sourceTree = "<group>"; };
		D947B3E31FCB4446007E8116 /* Base */ = {isa = PBXFileReference; lastKnownFileType = file.storyboard; name = Base; path = Base.lproj/Main.storyboard; sourceTree = "<group>"; };
		D947B3E51FCB4446007E8116 /* Assets.xcassets */ = {isa = PBXFileReference; lastKnownFileType = folder.assetcatalog; path = Assets.xcassets; sourceTree = "<group>"; };
		D947B3E81FCB4446007E8116 /* Base */ = {isa = PBXFileReference; lastKnownFileType = file.storyboard; name = Base; path = Base.lproj/LaunchScreen.storyboard; sourceTree = "<group>"; };
		D947B3EA1FCB4446007E8116 /* Info.plist */ = {isa = PBXFileReference; lastKnownFileType = text.plist.xml; path = Info.plist; sourceTree = "<group>"; };
		D947B3EF1FCB47C9007E8116 /* EasyImageCapture.swift */ = {isa = PBXFileReference; lastKnownFileType = sourcecode.swift; path = EasyImageCapture.swift; sourceTree = "<group>"; };
		D947B3F41FCB4BFE007E8116 /* EasyImageCaptureDelegate.swift */ = {isa = PBXFileReference; lastKnownFileType = sourcecode.swift; path = EasyImageCaptureDelegate.swift; sourceTree = "<group>"; };
		D947B3F61FCB4D96007E8116 /* Errors.swift */ = {isa = PBXFileReference; lastKnownFileType = sourcecode.swift; path = Errors.swift; sourceTree = "<group>"; };
/* End PBXFileReference section */

/* Begin PBXFrameworksBuildPhase section */
		D947B3C91FCB4341007E8116 /* Frameworks */ = {
			isa = PBXFrameworksBuildPhase;
			buildActionMask = 2147483647;
			files = (
			);
			runOnlyForDeploymentPostprocessing = 0;
		};
		D947B3D91FCB4446007E8116 /* Frameworks */ = {
			isa = PBXFrameworksBuildPhase;
			buildActionMask = 2147483647;
			files = (
			);
			runOnlyForDeploymentPostprocessing = 0;
		};
/* End PBXFrameworksBuildPhase section */

/* Begin PBXGroup section */
		D947B3C31FCB4341007E8116 = {
			isa = PBXGroup;
			children = (
				D947B3CF1FCB4341007E8116 /* EasyImageCapture */,
				D947B3DD1FCB4446007E8116 /* EasyImageCaptureExample */,
				D947B3CE1FCB4341007E8116 /* Products */,
			);
			sourceTree = "<group>";
		};
		D947B3CE1FCB4341007E8116 /* Products */ = {
			isa = PBXGroup;
			children = (
				D947B3CD1FCB4341007E8116 /* EasyImageCapture.framework */,
				D947B3DC1FCB4446007E8116 /* EasyImageCaptureExample.app */,
			);
			name = Products;
			sourceTree = "<group>";
		};
		D947B3CF1FCB4341007E8116 /* EasyImageCapture */ = {
			isa = PBXGroup;
			children = (
				D947B3EE1FCB478A007E8116 /* Source */,
				D947B3D01FCB4341007E8116 /* EasyImageCapture.h */,
				D947B3D11FCB4341007E8116 /* Info.plist */,
			);
			path = EasyImageCapture;
			sourceTree = "<group>";
		};
		D947B3DD1FCB4446007E8116 /* EasyImageCaptureExample */ = {
			isa = PBXGroup;
			children = (
				D947B3DE1FCB4446007E8116 /* AppDelegate.swift */,
				D947B3E01FCB4446007E8116 /* ViewController.swift */,
				D947B3E21FCB4446007E8116 /* Main.storyboard */,
				D947B3E51FCB4446007E8116 /* Assets.xcassets */,
				D947B3E71FCB4446007E8116 /* LaunchScreen.storyboard */,
				D947B3EA1FCB4446007E8116 /* Info.plist */,
			);
			path = EasyImageCaptureExample;
			sourceTree = "<group>";
		};
		D947B3EE1FCB478A007E8116 /* Source */ = {
			isa = PBXGroup;
			children = (
				D947B3EF1FCB47C9007E8116 /* EasyImageCapture.swift */,
				D947B3F41FCB4BFE007E8116 /* EasyImageCaptureDelegate.swift */,
				D947B3F61FCB4D96007E8116 /* Errors.swift */,
			);
			path = Source;
			sourceTree = "<group>";
		};
/* End PBXGroup section */

/* Begin PBXHeadersBuildPhase section */
		D947B3CA1FCB4341007E8116 /* Headers */ = {
			isa = PBXHeadersBuildPhase;
			buildActionMask = 2147483647;
			files = (
				D947B3D21FCB4341007E8116 /* EasyImageCapture.h in Headers */,
			);
			runOnlyForDeploymentPostprocessing = 0;
		};
/* End PBXHeadersBuildPhase section */

/* Begin PBXNativeTarget section */
		D947B3CC1FCB4341007E8116 /* EasyImageCapture */ = {
			isa = PBXNativeTarget;
			buildConfigurationList = D947B3D51FCB4341007E8116 /* Build configuration list for PBXNativeTarget "EasyImageCapture" */;
			buildPhases = (
				D947B3C81FCB4341007E8116 /* Sources */,
				D947B3C91FCB4341007E8116 /* Frameworks */,
				D947B3CA1FCB4341007E8116 /* Headers */,
				D947B3CB1FCB4341007E8116 /* Resources */,
			);
			buildRules = (
			);
			dependencies = (
			);
			name = EasyImageCapture;
			productName = EasyImageCapture;
			productReference = D947B3CD1FCB4341007E8116 /* EasyImageCapture.framework */;
			productType = "com.apple.product-type.framework";
		};
		D947B3DB1FCB4446007E8116 /* EasyImageCaptureExample */ = {
			isa = PBXNativeTarget;
			buildConfigurationList = D947B3ED1FCB4446007E8116 /* Build configuration list for PBXNativeTarget "EasyImageCaptureExample" */;
			buildPhases = (
				D947B3D81FCB4446007E8116 /* Sources */,
				D947B3D91FCB4446007E8116 /* Frameworks */,
				D947B3DA1FCB4446007E8116 /* Resources */,
			);
			buildRules = (
			);
			dependencies = (
			);
			name = EasyImageCaptureExample;
			productName = EasyImageCaptureExample;
			productReference = D947B3DC1FCB4446007E8116 /* EasyImageCaptureExample.app */;
			productType = "com.apple.product-type.application";
		};
/* End PBXNativeTarget section */

/* Begin PBXProject section */
		D947B3C41FCB4341007E8116 /* Project object */ = {
			isa = PBXProject;
			attributes = {
				LastSwiftUpdateCheck = 0900;
				LastUpgradeCheck = 0900;
				ORGANIZATIONNAME = "Gilbert Gwizdała";
				TargetAttributes = {
					D947B3CC1FCB4341007E8116 = {
						CreatedOnToolsVersion = 9.0;
						LastSwiftMigration = 0900;
						ProvisioningStyle = Automatic;
					};
					D947B3DB1FCB4446007E8116 = {
						CreatedOnToolsVersion = 9.0;
						ProvisioningStyle = Automatic;
					};
				};
			};
			buildConfigurationList = D947B3C71FCB4341007E8116 /* Build configuration list for PBXProject "EasyImageCapture" */;
			compatibilityVersion = "Xcode 8.0";
			developmentRegion = en;
			hasScannedForEncodings = 0;
			knownRegions = (
				en,
				Base,
			);
			mainGroup = D947B3C31FCB4341007E8116;
			productRefGroup = D947B3CE1FCB4341007E8116 /* Products */;
			projectDirPath = "";
			projectRoot = "";
			targets = (
				D947B3CC1FCB4341007E8116 /* EasyImageCapture */,
				D947B3DB1FCB4446007E8116 /* EasyImageCaptureExample */,
			);
		};
/* End PBXProject section */

/* Begin PBXResourcesBuildPhase section */
		D947B3CB1FCB4341007E8116 /* Resources */ = {
			isa = PBXResourcesBuildPhase;
			buildActionMask = 2147483647;
			files = (
			);
			runOnlyForDeploymentPostprocessing = 0;
		};
		D947B3DA1FCB4446007E8116 /* Resources */ = {
			isa = PBXResourcesBuildPhase;
			buildActionMask = 2147483647;
			files = (
				D947B3E91FCB4446007E8116 /* LaunchScreen.storyboard in Resources */,
				D947B3E61FCB4446007E8116 /* Assets.xcassets in Resources */,
				D947B3E41FCB4446007E8116 /* Main.storyboard in Resources */,
			);
			runOnlyForDeploymentPostprocessing = 0;
		};
/* End PBXResourcesBuildPhase section */

/* Begin PBXSourcesBuildPhase section */
		D947B3C81FCB4341007E8116 /* Sources */ = {
			isa = PBXSourcesBuildPhase;
			buildActionMask = 2147483647;
			files = (
				D947B3F21FCB49DA007E8116 /* EasyImageCapture.swift in Sources */,
				D947B3F71FCB4D96007E8116 /* Errors.swift in Sources */,
				D947B3F51FCB4BFE007E8116 /* EasyImageCaptureDelegate.swift in Sources */,
			);
			runOnlyForDeploymentPostprocessing = 0;
		};
		D947B3D81FCB4446007E8116 /* Sources */ = {
			isa = PBXSourcesBuildPhase;
			buildActionMask = 2147483647;
			files = (
				D947B3E11FCB4446007E8116 /* ViewController.swift in Sources */,
				D947B3F91FCB4FDC007E8116 /* Errors.swift in Sources */,
				D947B3F81FCB4FD9007E8116 /* EasyImageCaptureDelegate.swift in Sources */,
				D947B3DF1FCB4446007E8116 /* AppDelegate.swift in Sources */,
				D947B3F31FCB4AD6007E8116 /* EasyImageCapture.swift in Sources */,
			);
			runOnlyForDeploymentPostprocessing = 0;
		};
/* End PBXSourcesBuildPhase section */

/* Begin PBXVariantGroup section */
		D947B3E21FCB4446007E8116 /* Main.storyboard */ = {
			isa = PBXVariantGroup;
			children = (
				D947B3E31FCB4446007E8116 /* Base */,
			);
			name = Main.storyboard;
			sourceTree = "<group>";
		};
		D947B3E71FCB4446007E8116 /* LaunchScreen.storyboard */ = {
			isa = PBXVariantGroup;
			children = (
				D947B3E81FCB4446007E8116 /* Base */,
			);
			name = LaunchScreen.storyboard;
			sourceTree = "<group>";
		};
/* End PBXVariantGroup section */

/* Begin XCBuildConfiguration section */
		D947B3D31FCB4341007E8116 /* Debug */ = {
			isa = XCBuildConfiguration;
			buildSettings = {
				ALWAYS_SEARCH_USER_PATHS = NO;
				CLANG_ANALYZER_NONNULL = YES;
				CLANG_ANALYZER_NUMBER_OBJECT_CONVERSION = YES_AGGRESSIVE;
				CLANG_CXX_LANGUAGE_STANDARD = "gnu++14";
				CLANG_CXX_LIBRARY = "libc++";
				CLANG_ENABLE_MODULES = YES;
				CLANG_ENABLE_OBJC_ARC = YES;
				CLANG_WARN_BLOCK_CAPTURE_AUTORELEASING = YES;
				CLANG_WARN_BOOL_CONVERSION = YES;
				CLANG_WARN_COMMA = YES;
				CLANG_WARN_CONSTANT_CONVERSION = YES;
				CLANG_WARN_DIRECT_OBJC_ISA_USAGE = YES_ERROR;
				CLANG_WARN_DOCUMENTATION_COMMENTS = YES;
				CLANG_WARN_EMPTY_BODY = YES;
				CLANG_WARN_ENUM_CONVERSION = YES;
				CLANG_WARN_INFINITE_RECURSION = YES;
				CLANG_WARN_INT_CONVERSION = YES;
				CLANG_WARN_NON_LITERAL_NULL_CONVERSION = YES;
				CLANG_WARN_OBJC_LITERAL_CONVERSION = YES;
				CLANG_WARN_OBJC_ROOT_CLASS = YES_ERROR;
				CLANG_WARN_RANGE_LOOP_ANALYSIS = YES;
				CLANG_WARN_STRICT_PROTOTYPES = YES;
				CLANG_WARN_SUSPICIOUS_MOVE = YES;
				CLANG_WARN_UNGUARDED_AVAILABILITY = YES_AGGRESSIVE;
				CLANG_WARN_UNREACHABLE_CODE = YES;
				CLANG_WARN__DUPLICATE_METHOD_MATCH = YES;
				CODE_SIGN_IDENTITY = "iPhone Developer";
				COPY_PHASE_STRIP = NO;
				CURRENT_PROJECT_VERSION = 1;
				DEBUG_INFORMATION_FORMAT = dwarf;
				ENABLE_STRICT_OBJC_MSGSEND = YES;
				ENABLE_TESTABILITY = YES;
				GCC_C_LANGUAGE_STANDARD = gnu11;
				GCC_DYNAMIC_NO_PIC = NO;
				GCC_NO_COMMON_BLOCKS = YES;
				GCC_OPTIMIZATION_LEVEL = 0;
				GCC_PREPROCESSOR_DEFINITIONS = (
					"DEBUG=1",
					"$(inherited)",
				);
				GCC_WARN_64_TO_32_BIT_CONVERSION = YES;
				GCC_WARN_ABOUT_RETURN_TYPE = YES_ERROR;
				GCC_WARN_UNDECLARED_SELECTOR = YES;
				GCC_WARN_UNINITIALIZED_AUTOS = YES_AGGRESSIVE;
				GCC_WARN_UNUSED_FUNCTION = YES;
				GCC_WARN_UNUSED_VARIABLE = YES;
				IPHONEOS_DEPLOYMENT_TARGET = 11.0;
				MTL_ENABLE_DEBUG_INFO = YES;
				ONLY_ACTIVE_ARCH = YES;
				SDKROOT = iphoneos;
				SWIFT_ACTIVE_COMPILATION_CONDITIONS = DEBUG;
				SWIFT_OPTIMIZATION_LEVEL = "-Onone";
				VERSIONING_SYSTEM = "apple-generic";
				VERSION_INFO_PREFIX = "";
			};
			name = Debug;
		};
		D947B3D41FCB4341007E8116 /* Release */ = {
			isa = XCBuildConfiguration;
			buildSettings = {
				ALWAYS_SEARCH_USER_PATHS = NO;
				CLANG_ANALYZER_NONNULL = YES;
				CLANG_ANALYZER_NUMBER_OBJECT_CONVERSION = YES_AGGRESSIVE;
				CLANG_CXX_LANGUAGE_STANDARD = "gnu++14";
				CLANG_CXX_LIBRARY = "libc++";
				CLANG_ENABLE_MODULES = YES;
				CLANG_ENABLE_OBJC_ARC = YES;
				CLANG_WARN_BLOCK_CAPTURE_AUTORELEASING = YES;
				CLANG_WARN_BOOL_CONVERSION = YES;
				CLANG_WARN_COMMA = YES;
				CLANG_WARN_CONSTANT_CONVERSION = YES;
				CLANG_WARN_DIRECT_OBJC_ISA_USAGE = YES_ERROR;
				CLANG_WARN_DOCUMENTATION_COMMENTS = YES;
				CLANG_WARN_EMPTY_BODY = YES;
				CLANG_WARN_ENUM_CONVERSION = YES;
				CLANG_WARN_INFINITE_RECURSION = YES;
				CLANG_WARN_INT_CONVERSION = YES;
				CLANG_WARN_NON_LITERAL_NULL_CONVERSION = YES;
				CLANG_WARN_OBJC_LITERAL_CONVERSION = YES;
				CLANG_WARN_OBJC_ROOT_CLASS = YES_ERROR;
				CLANG_WARN_RANGE_LOOP_ANALYSIS = YES;
				CLANG_WARN_STRICT_PROTOTYPES = YES;
				CLANG_WARN_SUSPICIOUS_MOVE = YES;
				CLANG_WARN_UNGUARDED_AVAILABILITY = YES_AGGRESSIVE;
				CLANG_WARN_UNREACHABLE_CODE = YES;
				CLANG_WARN__DUPLICATE_METHOD_MATCH = YES;
				CODE_SIGN_IDENTITY = "iPhone Developer";
				COPY_PHASE_STRIP = NO;
				CURRENT_PROJECT_VERSION = 1;
				DEBUG_INFORMATION_FORMAT = "dwarf-with-dsym";
				ENABLE_NS_ASSERTIONS = NO;
				ENABLE_STRICT_OBJC_MSGSEND = YES;
				GCC_C_LANGUAGE_STANDARD = gnu11;
				GCC_NO_COMMON_BLOCKS = YES;
				GCC_WARN_64_TO_32_BIT_CONVERSION = YES;
				GCC_WARN_ABOUT_RETURN_TYPE = YES_ERROR;
				GCC_WARN_UNDECLARED_SELECTOR = YES;
				GCC_WARN_UNINITIALIZED_AUTOS = YES_AGGRESSIVE;
				GCC_WARN_UNUSED_FUNCTION = YES;
				GCC_WARN_UNUSED_VARIABLE = YES;
				IPHONEOS_DEPLOYMENT_TARGET = 11.0;
				MTL_ENABLE_DEBUG_INFO = NO;
				SDKROOT = iphoneos;
				SWIFT_OPTIMIZATION_LEVEL = "-Owholemodule";
				VALIDATE_PRODUCT = YES;
				VERSIONING_SYSTEM = "apple-generic";
				VERSION_INFO_PREFIX = "";
			};
			name = Release;
		};
		D947B3D61FCB4341007E8116 /* Debug */ = {
			isa = XCBuildConfiguration;
			buildSettings = {
				CLANG_ENABLE_MODULES = YES;
				CODE_SIGN_IDENTITY = "";
				CODE_SIGN_STYLE = Automatic;
				DEFINES_MODULE = YES;
				DEVELOPMENT_TEAM = QJ67W5JP2G;
				DYLIB_COMPATIBILITY_VERSION = 1;
				DYLIB_CURRENT_VERSION = 1;
				DYLIB_INSTALL_NAME_BASE = "@rpath";
				INFOPLIST_FILE = EasyImageCapture/Info.plist;
				INSTALL_PATH = "$(LOCAL_LIBRARY_DIR)/Frameworks";
				IPHONEOS_DEPLOYMENT_TARGET = 10.0;
				LD_RUNPATH_SEARCH_PATHS = "$(inherited) @executable_path/Frameworks @loader_path/Frameworks";
				PRODUCT_BUNDLE_IDENTIFIER = com.zeelus.EasyImageCapture;
				PRODUCT_NAME = "$(TARGET_NAME:c99extidentifier)";
				SKIP_INSTALL = YES;
				SWIFT_OPTIMIZATION_LEVEL = "-Onone";
				SWIFT_VERSION = 4.0;
				TARGETED_DEVICE_FAMILY = "1,2";
			};
			name = Debug;
		};
		D947B3D71FCB4341007E8116 /* Release */ = {
			isa = XCBuildConfiguration;
			buildSettings = {
				CLANG_ENABLE_MODULES = YES;
				CODE_SIGN_IDENTITY = "";
				CODE_SIGN_STYLE = Automatic;
				DEFINES_MODULE = YES;
				DEVELOPMENT_TEAM = QJ67W5JP2G;
				DYLIB_COMPATIBILITY_VERSION = 1;
				DYLIB_CURRENT_VERSION = 1;
				DYLIB_INSTALL_NAME_BASE = "@rpath";
				INFOPLIST_FILE = EasyImageCapture/Info.plist;
				INSTALL_PATH = "$(LOCAL_LIBRARY_DIR)/Frameworks";
				IPHONEOS_DEPLOYMENT_TARGET = 10.0;
				LD_RUNPATH_SEARCH_PATHS = "$(inherited) @executable_path/Frameworks @loader_path/Frameworks";
				PRODUCT_BUNDLE_IDENTIFIER = com.zeelus.EasyImageCapture;
				PRODUCT_NAME = "$(TARGET_NAME:c99extidentifier)";
				SKIP_INSTALL = YES;
				SWIFT_VERSION = 4.0;
				TARGETED_DEVICE_FAMILY = "1,2";
			};
			name = Release;
		};
		D947B3EB1FCB4446007E8116 /* Debug */ = {
			isa = XCBuildConfiguration;
			buildSettings = {
				ASSETCATALOG_COMPILER_APPICON_NAME = AppIcon;
				CODE_SIGN_STYLE = Automatic;
				DEVELOPMENT_TEAM = QJ67W5JP2G;
				INFOPLIST_FILE = EasyImageCaptureExample/Info.plist;
				IPHONEOS_DEPLOYMENT_TARGET = 10.0;
				LD_RUNPATH_SEARCH_PATHS = "$(inherited) @executable_path/Frameworks";
				PRODUCT_BUNDLE_IDENTIFIER = com.zeelus.EasyImageCaptureExample;
				PRODUCT_NAME = "$(TARGET_NAME)";
				SWIFT_VERSION = 4.0;
				TARGETED_DEVICE_FAMILY = "1,2";
			};
			name = Debug;
		};
		D947B3EC1FCB4446007E8116 /* Release */ = {
			isa = XCBuildConfiguration;
			buildSettings = {
				ASSETCATALOG_COMPILER_APPICON_NAME = AppIcon;
				CODE_SIGN_STYLE = Automatic;
				DEVELOPMENT_TEAM = QJ67W5JP2G;
				INFOPLIST_FILE = EasyImageCaptureExample/Info.plist;
				IPHONEOS_DEPLOYMENT_TARGET = 10.0;
				LD_RUNPATH_SEARCH_PATHS = "$(inherited) @executable_path/Frameworks";
				PRODUCT_BUNDLE_IDENTIFIER = com.zeelus.EasyImageCaptureExample;
				PRODUCT_NAME = "$(TARGET_NAME)";
				SWIFT_VERSION = 4.0;
				TARGETED_DEVICE_FAMILY = "1,2";
			};
			name = Release;
		};
/* End XCBuildConfiguration section */

/* Begin XCConfigurationList section */
		D947B3C71FCB4341007E8116 /* Build configuration list for PBXProject "EasyImageCapture" */ = {
			isa = XCConfigurationList;
			buildConfigurations = (
				D947B3D31FCB4341007E8116 /* Debug */,
				D947B3D41FCB4341007E8116 /* Release */,
			);
			defaultConfigurationIsVisible = 0;
			defaultConfigurationName = Release;
		};
		D947B3D51FCB4341007E8116 /* Build configuration list for PBXNativeTarget "EasyImageCapture" */ = {
			isa = XCConfigurationList;
			buildConfigurations = (
				D947B3D61FCB4341007E8116 /* Debug */,
				D947B3D71FCB4341007E8116 /* Release */,
			);
			defaultConfigurationIsVisible = 0;
			defaultConfigurationName = Release;
		};
		D947B3ED1FCB4446007E8116 /* Build configuration list for PBXNativeTarget "EasyImageCaptureExample" */ = {
			isa = XCConfigurationList;
			buildConfigurations = (
				D947B3EB1FCB4446007E8116 /* Debug */,
				D947B3EC1FCB4446007E8116 /* Release */,
			);
			defaultConfigurationIsVisible = 0;
			defaultConfigurationName = Release;
		};
/* End XCConfigurationList section */
	};
	rootObject = D947B3C41FCB4341007E8116 /* Project object */;
}
